# SPDX-License-Identifier: (GPL-2.0-only OR BSD-2-Clause)
%YAML 1.2
---
$id: http://devicetree.org/schemas/clock/imxrt1170-clock.yaml#
$schema: http://devicetree.org/meta-schemas/core.yaml#

title: Freescale i.MXRT1170 Clock Controller

maintainers:
  - Giulio Benetti <giulio.benetti@benettiengineering.com>
  - Jesse Taube <Mr.Bossman075@gmail.com>

description: |
  The clock consumer should specify the desired clock by having the clock
  ID in its "clocks" phandle cell. See include/dt-bindings/clock/imxrt*-clock.h
  for the full list of i.MXRT clock IDs.

properties:
  compatible:
    const: fsl,imxrt1170-ccm

  reg:
    maxItems: 1

  clocks:
    items:
      - description: 32M ext osc
      - description: 16M int rcosc
      - description: 32k osc

  clock-names:
    items:
      - const: osc
      - const: rcosc16M
      - const: osc32k

  '#clock-cells':
    const: 1

required:
  - compatible
  - reg
  - clocks
  - clock-names
  - '#clock-cells'

additionalProperties: false

examples:
  - |
    clks: clock-controller@40cc0000 {
        compatible = "fsl,imxrt1170-ccm";
        reg = <0x40cc0000 0x4000>;
        clocks = <&osc>, <&rcosc16M>, <&osc32k>;
        clock-names = "osc", "rcosc16M", "osc32k";
        #clock-cells = <1>;
    };
